
Microsoft Visual Studio Solution File, Format Version 12.00
# Visual Studio 15
VisualStudioVersion = 15.0.26124.0
MinimumVisualStudioVersion = 15.0.26124.0
Project("{FAE04EC0-301F-11D3-BF4B-00C04F79EFBC}") = "PollyRetry.ConsoleApp", "PollyRetry.ConsoleApp\PollyRetry.ConsoleApp.csproj", "{6488EA59-97EF-4116-897E-2DDF753599AA}"
EndProject
Global
	GlobalSection(SolutionConfigurationPlatforms) = preSolution
		Debug|Any CPU = Debug|Any CPU
		Debug|x64 = Debug|x64
		Debug|x86 = Debug|x86
		Release|Any CPU = Release|Any CPU
		Release|x64 = Release|x64
		Release|x86 = Release|x86
	EndGlobalSection
	GlobalSection(SolutionProperties) = preSolution
		HideSolutionNode = FALSE
	EndGlobalSection
	GlobalSection(ProjectConfigurationPlatforms) = postSolution
		{6488EA59-97EF-4116-897E-2DDF753599AA}.Debug|Any CPU.ActiveCfg = Debug|Any CPU
		{6488EA59-97EF-4116-897E-2DDF753599AA}.Debug|Any CPU.Build.0 = Debug|Any CPU
		{6488EA59-97EF-4116-897E-2DDF753599AA}.Debug|x64.ActiveCfg = Debug|Any CPU
		{6488EA59-97EF-4116-897E-2DDF753599AA}.Debug|x64.Build.0 = Debug|Any CPU
		{6488EA59-97EF-4116-897E-2DDF753599AA}.Debug|x86.ActiveCfg = Debug|Any CPU
		{6488EA59-97EF-4116-897E-2DDF753599AA}.Debug|x86.Build.0 = Debug|Any CPU
		{6488EA59-97EF-4116-897E-2DDF753599AA}.Release|Any CPU.ActiveCfg = Release|Any CPU
		{6488EA59-97EF-4116-897E-2DDF753599AA}.Release|Any CPU.Build.0 = Release|Any CPU
		{6488EA59-97EF-4116-897E-2DDF753599AA}.Release|x64.ActiveCfg = Release|Any CPU
		{6488EA59-97EF-4116-897E-2DDF753599AA}.Release|x64.Build.0 = Release|Any CPU
		{6488EA59-97EF-4116-897E-2DDF753599AA}.Release|x86.ActiveCfg = Release|Any CPU
		{6488EA59-97EF-4116-897E-2DDF753599AA}.Release|x86.Build.0 = Release|Any CPU
	EndGlobalSection
EndGlobal
